// !$*UTF8*$!
{
	archiveVersion = 1;
	classes = {
	};
	objectVersion = 56;
	objects = {

/* Begin PBXBuildFile section */
		100000000000000000000001 /* PocketVectorApp.swift in Sources */ = {isa = PBXBuildFile; fileRef = 200000000000000000000001 /* PocketVectorApp.swift */; };
		100000000000000000000002 /* GameRootView.swift in Sources */ = {isa = PBXBuildFile; fileRef = 200000000000000000000002 /* GameRootView.swift */; };
		100000000000000000000003 /* GameModels.swift in Sources */ = {isa = PBXBuildFile; fileRef = 200000000000000000000003 /* GameModels.swift */; };
		100000000000000000000004 /* GameplayConfig.swift in Sources */ = {isa = PBXBuildFile; fileRef = 200000000000000000000004 /* GameplayConfig.swift */; };
		100000000000000000000005 /* Trajectory.swift in Sources */ = {isa = PBXBuildFile; fileRef = 200000000000000000000005 /* Trajectory.swift */; };
		100000000000000000000006 /* ThrowGesture.swift in Sources */ = {isa = PBXBuildFile; fileRef = 200000000000000000000006 /* ThrowGesture.swift */; };
		100000000000000000000007 /* GameSimulation.swift in Sources */ = {isa = PBXBuildFile; fileRef = 200000000000000000000007 /* GameSimulation.swift */; };
		100000000000000000000008 /* GameProjection.swift in Sources */ = {isa = PBXBuildFile; fileRef = 200000000000000000000008 /* GameProjection.swift */; };
		100000000000000000000009 /* TextureLibrary.swift in Sources */ = {isa = PBXBuildFile; fileRef = 200000000000000000000009 /* TextureLibrary.swift */; };
		10000000000000000000000A /* GameScene.swift in Sources */ = {isa = PBXBuildFile; fileRef = 20000000000000000000000A /* GameScene.swift */; };
		10000000000000000000000B /* Assets.xcassets in Resources */ = {isa = PBXBuildFile; fileRef = 20000000000000000000000B /* Assets.xcassets */; };
		10000000000000000000000C /* GameAssets in Resources */ = {isa = PBXBuildFile; fileRef = 20000000000000000000000C /* GameAssets */; };
		10000000000000000000000D /* GameCoreTests.swift in Sources */ = {isa = PBXBuildFile; fileRef = 20000000000000000000000D /* GameCoreTests.swift */; };
		10000000000000000000000E /* GameAudioController.swift in Sources */ = {isa = PBXBuildFile; fileRef = 200000000000000000000010 /* GameAudioController.swift */; };
		10000000000000000000000F /* BallVisualProjection.swift in Sources */ = {isa = PBXBuildFile; fileRef = 200000000000000000000011 /* BallVisualProjection.swift */; };
		100000000000000000000010 /* HUDLayout.swift in Sources */ = {isa = PBXBuildFile; fileRef = 200000000000000000000012 /* HUDLayout.swift */; };
		100000000000000000000011 /* BroadcastHUDNode.swift in Sources */ = {isa = PBXBuildFile; fileRef = 200000000000000000000013 /* BroadcastHUDNode.swift */; };
		100000000000000000000012 /* FieldBoundaryLayout.swift in Sources */ = {isa = PBXBuildFile; fileRef = 200000000000000000000014 /* FieldBoundaryLayout.swift */; };
		100000000000000000000013 /* SidelineEnvironmentNode.swift in Sources */ = {isa = PBXBuildFile; fileRef = 200000000000000000000015 /* SidelineEnvironmentNode.swift */; };
		110000000000000000000001 /* Identifiers.swift in Sources */ = {isa = PBXBuildFile; fileRef = 210000000000000000000001 /* Identifiers.swift */; };
		110000000000000000000002 /* RunModels.swift in Sources */ = {isa = PBXBuildFile; fileRef = 210000000000000000000002 /* RunModels.swift */; };
		110000000000000000000003 /* PlayerProfileModels.swift in Sources */ = {isa = PBXBuildFile; fileRef = 210000000000000000000003 /* PlayerProfileModels.swift */; };
		110000000000000000000004 /* CatalogModels.swift in Sources */ = {isa = PBXBuildFile; fileRef = 210000000000000000000004 /* CatalogModels.swift */; };
		110000000000000000000005 /* EconomyModels.swift in Sources */ = {isa = PBXBuildFile; fileRef = 210000000000000000000005 /* EconomyModels.swift */; };
		110000000000000000000006 /* AchievementModels.swift in Sources */ = {isa = PBXBuildFile; fileRef = 210000000000000000000006 /* AchievementModels.swift */; };
		110000000000000000000007 /* LaunchTeamCatalog.swift in Sources */ = {isa = PBXBuildFile; fileRef = 210000000000000000000007 /* LaunchTeamCatalog.swift */; };
		110000000000000000000008 /* InventoryRules.swift in Sources */ = {isa = PBXBuildFile; fileRef = 210000000000000000000008 /* InventoryRules.swift */; };
		110000000000000000000009 /* MatchupGenerator.swift in Sources */ = {isa = PBXBuildFile; fileRef = 210000000000000000000009 /* MatchupGenerator.swift */; };
		11000000000000000000000A /* UniformClashResolver.swift in Sources */ = {isa = PBXBuildFile; fileRef = 21000000000000000000000A /* UniformClashResolver.swift */; };
		11000000000000000000000B /* EconomyConfiguration.swift in Sources */ = {isa = PBXBuildFile; fileRef = 21000000000000000000000B /* EconomyConfiguration.swift */; };
		11000000000000000000000C /* RunRewardCalculator.swift in Sources */ = {isa = PBXBuildFile; fileRef = 21000000000000000000000C /* RunRewardCalculator.swift */; };
		11000000000000000000000D /* AchievementCatalog.swift in Sources */ = {isa = PBXBuildFile; fileRef = 21000000000000000000000D /* AchievementCatalog.swift */; };
		11000000000000000000000E /* AchievementEvaluator.swift in Sources */ = {isa = PBXBuildFile; fileRef = 21000000000000000000000E /* AchievementEvaluator.swift */; };
		11000000000000000000000F /* DomainContractTests.swift in Sources */ = {isa = PBXBuildFile; fileRef = 21000000000000000000000F /* DomainContractTests.swift */; };
		110000000000000000000010 /* CatalogRulesTests.swift in Sources */ = {isa = PBXBuildFile; fileRef = 210000000000000000000010 /* CatalogRulesTests.swift */; };
		110000000000000000000011 /* EconomyAchievementTests.swift in Sources */ = {isa = PBXBuildFile; fileRef = 210000000000000000000011 /* EconomyAchievementTests.swift */; };
		120000000000000000000001 /* GameCenterServices.swift in Sources */ = {isa = PBXBuildFile; fileRef = 220000000000000000000001 /* GameCenterServices.swift */; };
		120000000000000000000002 /* StoreTransactionServices.swift in Sources */ = {isa = PBXBuildFile; fileRef = 220000000000000000000002 /* StoreTransactionServices.swift */; };
		120000000000000000000003 /* RewardedAdServices.swift in Sources */ = {isa = PBXBuildFile; fileRef = 220000000000000000000003 /* RewardedAdServices.swift */; };
		120000000000000000000004 /* CloudSyncServices.swift in Sources */ = {isa = PBXBuildFile; fileRef = 220000000000000000000004 /* CloudSyncServices.swift */; };
		120000000000000000000005 /* TelemetryServices.swift in Sources */ = {isa = PBXBuildFile; fileRef = 220000000000000000000005 /* TelemetryServices.swift */; };
		120000000000000000000006 /* DiagnosticsServices.swift in Sources */ = {isa = PBXBuildFile; fileRef = 220000000000000000000006 /* DiagnosticsServices.swift */; };
		12000000000000000000000C /* ServiceAccountBindings.swift in Sources */ = {isa = PBXBuildFile; fileRef = 22000000000000000000000C /* ServiceAccountBindings.swift */; };
		130000000000000000000001 /* PersistenceModels.swift in Sources */ = {isa = PBXBuildFile; fileRef = 230000000000000000000001 /* PersistenceModels.swift */; };
		130000000000000000000002 /* PlayerProfileFactory.swift in Sources */ = {isa = PBXBuildFile; fileRef = 230000000000000000000002 /* PlayerProfileFactory.swift */; };
		130000000000000000000003 /* PlayerProfileMigration.swift in Sources */ = {isa = PBXBuildFile; fileRef = 230000000000000000000003 /* PlayerProfileMigration.swift */; };
		130000000000000000000004 /* AtomicProfileFileStore.swift in Sources */ = {isa = PBXBuildFile; fileRef = 230000000000000000000004 /* AtomicProfileFileStore.swift */; };
		130000000000000000000005 /* LocalPlayerProfileRepository.swift in Sources */ = {isa = PBXBuildFile; fileRef = 230000000000000000000005 /* LocalPlayerProfileRepository.swift */; };
		130000000000000000000006 /* CompletedRunValidator.swift in Sources */ = {isa = PBXBuildFile; fileRef = 230000000000000000000006 /* CompletedRunValidator.swift */; };
		130000000000000000000007 /* PersistedEconomyRules.swift in Sources */ = {isa = PBXBuildFile; fileRef = 230000000000000000000007 /* PersistedEconomyRules.swift */; };
		130000000000000000000008 /* PlayerProfilePersistenceTests.swift in Sources */ = {isa = PBXBuildFile; fileRef = 230000000000000000000008 /* PlayerProfilePersistenceTests.swift */; };
		140000000000000000000001 /* AppCoordinator.swift in Sources */ = {isa = PBXBuildFile; fileRef = 240000000000000000000001 /* AppCoordinator.swift */; };
		140000000000000000000002 /* AppCoordinatorModels.swift in Sources */ = {isa = PBXBuildFile; fileRef = 240000000000000000000002 /* AppCoordinatorModels.swift */; };
		140000000000000000000003 /* GameplaySession.swift in Sources */ = {isa = PBXBuildFile; fileRef = 240000000000000000000003 /* GameplaySession.swift */; };
		140000000000000000000004 /* AppShellView.swift in Sources */ = {isa = PBXBuildFile; fileRef = 240000000000000000000004 /* AppShellView.swift */; };
		140000000000000000000005 /* MainMenuView.swift in Sources */ = {isa = PBXBuildFile; fileRef = 240000000000000000000005 /* MainMenuView.swift */; };
		140000000000000000000006 /* TeamSelectionView.swift in Sources */ = {isa = PBXBuildFile; fileRef = 240000000000000000000006 /* TeamSelectionView.swift */; };
		140000000000000000000007 /* LockerView.swift in Sources */ = {isa = PBXBuildFile; fileRef = 240000000000000000000007 /* LockerView.swift */; };
		140000000000000000000008 /* AchievementsView.swift in Sources */ = {isa = PBXBuildFile; fileRef = 240000000000000000000008 /* AchievementsView.swift */; };
		140000000000000000000009 /* CoinStoreView.swift in Sources */ = {isa = PBXBuildFile; fileRef = 240000000000000000000009 /* CoinStoreView.swift */; };
		14000000000000000000000A /* SettingsView.swift in Sources */ = {isa = PBXBuildFile; fileRef = 24000000000000000000000A /* SettingsView.swift */; };
		14000000000000000000000B /* RunResultsView.swift in Sources */ = {isa = PBXBuildFile; fileRef = 24000000000000000000000B /* RunResultsView.swift */; };
		14000000000000000000000C /* LegacyGameplayAdapterView.swift in Sources */ = {isa = PBXBuildFile; fileRef = 24000000000000000000000C /* LegacyGameplayAdapterView.swift */; };
		14000000000000000000000D /* PocketVectorTheme.swift in Sources */ = {isa = PBXBuildFile; fileRef = 24000000000000000000000D /* PocketVectorTheme.swift */; };
		14000000000000000000000E /* PocketVectorComponents.swift in Sources */ = {isa = PBXBuildFile; fileRef = 24000000000000000000000E /* PocketVectorComponents.swift */; };
		14000000000000000000000F /* AppPresentation.swift in Sources */ = {isa = PBXBuildFile; fileRef = 24000000000000000000000F /* AppPresentation.swift */; };
		140000000000000000000010 /* AppCoordinatorTests.swift in Sources */ = {isa = PBXBuildFile; fileRef = 240000000000000000000010 /* AppCoordinatorTests.swift */; };
		140000000000000000000011 /* AppPresentationTests.swift in Sources */ = {isa = PBXBuildFile; fileRef = 240000000000000000000011 /* AppPresentationTests.swift */; };
		140000000000000000000012 /* GameplaySessionTests.swift in Sources */ = {isa = PBXBuildFile; fileRef = 240000000000000000000012 /* GameplaySessionTests.swift */; };
		140000000000000000000013 /* GameplayCoordinatorTests.swift in Sources */ = {isa = PBXBuildFile; fileRef = 240000000000000000000013 /* GameplayCoordinatorTests.swift */; };
		150000000000000000000001 /* GameKitGameCenterAdapter.swift in Sources */ = {isa = PBXBuildFile; fileRef = 250000000000000000000001 /* GameKitGameCenterAdapter.swift */; };
		150000000000000000000002 /* GameKitGameCenterAdapterTests.swift in Sources */ = {isa = PBXBuildFile; fileRef = 250000000000000000000002 /* GameKitGameCenterAdapterTests.swift */; };
		160000000000000000000001 /* LaunchVisualIdentity.swift in Sources */ = {isa = PBXBuildFile; fileRef = 260000000000000000000001 /* LaunchVisualIdentity.swift */; };
		160000000000000000000002 /* LaunchVisualIdentityTests.swift in Sources */ = {isa = PBXBuildFile; fileRef = 260000000000000000000002 /* LaunchVisualIdentityTests.swift */; };
		170000000000000000000001 /* ProductionAppComposition.swift in Sources */ = {isa = PBXBuildFile; fileRef = 270000000000000000000001 /* ProductionAppComposition.swift */; };
		170000000000000000000002 /* ProductionAppCompositionTests.swift in Sources */ = {isa = PBXBuildFile; fileRef = 270000000000000000000002 /* ProductionAppCompositionTests.swift */; };
		170000000000000000000003 /* CloudKitCloudSyncAdapter.swift in Sources */ = {isa = PBXBuildFile; fileRef = 270000000000000000000003 /* CloudKitCloudSyncAdapter.swift */; };
		170000000000000000000004 /* CloudKitCloudSyncAdapterTests.swift in Sources */ = {isa = PBXBuildFile; fileRef = 270000000000000000000004 /* CloudKitCloudSyncAdapterTests.swift */; };
		170000000000000000000005 /* StoreKit2TransactionAdapter.swift in Sources */ = {isa = PBXBuildFile; fileRef = 270000000000000000000005 /* StoreKit2TransactionAdapter.swift */; };
		170000000000000000000006 /* StoreKit2TransactionAdapterTests.swift in Sources */ = {isa = PBXBuildFile; fileRef = 270000000000000000000006 /* StoreKit2TransactionAdapterTests.swift */; };
		180000000000000000000001 /* PrivacyInfo.xcprivacy in Resources */ = {isa = PBXBuildFile; fileRef = 280000000000000000000001 /* PrivacyInfo.xcprivacy */; };
		190000000000000000000001 /* TutorialView.swift in Sources */ = {isa = PBXBuildFile; fileRef = 290000000000000000000001 /* TutorialView.swift */; };
		190000000000000000000002 /* PrivacySupportView.swift in Sources */ = {isa = PBXBuildFile; fileRef = 290000000000000000000002 /* PrivacySupportView.swift */; };
		190000000000000000000003 /* TutorialPrivacyCoordinatorTests.swift in Sources */ = {isa = PBXBuildFile; fileRef = 290000000000000000000003 /* TutorialPrivacyCoordinatorTests.swift */; };
		1A0000000000000000000001 /* DurableEconomyCoordinator.swift in Sources */ = {isa = PBXBuildFile; fileRef = 2A0000000000000000000001 /* DurableEconomyCoordinator.swift */; };
		1A0000000000000000000002 /* DurableEconomyCoordinatorTests.swift in Sources */ = {isa = PBXBuildFile; fileRef = 2A0000000000000000000002 /* DurableEconomyCoordinatorTests.swift */; };
		1B0000000000000000000001 /* AppleDiagnosticsAdapter.swift in Sources */ = {isa = PBXBuildFile; fileRef = 2B0000000000000000000001 /* AppleDiagnosticsAdapter.swift */; };
		1B0000000000000000000002 /* AppleDiagnosticsAdapterTests.swift in Sources */ = {isa = PBXBuildFile; fileRef = 2B0000000000000000000002 /* AppleDiagnosticsAdapterTests.swift */; };
		1C0000000000000000000001 /* ProductionAppRuntime.swift in Sources */ = {isa = PBXBuildFile; fileRef = 2C0000000000000000000001 /* ProductionAppRuntime.swift */; };
		1C0000000000000000000002 /* ProductionAuthoritativeStateChannel.swift in Sources */ = {isa = PBXBuildFile; fileRef = 2C0000000000000000000002 /* ProductionAuthoritativeStateChannel.swift */; };
		1C0000000000000000000003 /* ProductionServiceConfiguration.swift in Sources */ = {isa = PBXBuildFile; fileRef = 2C0000000000000000000003 /* ProductionServiceConfiguration.swift */; };
		1C0000000000000000000004 /* AppleDiagnosticsRuntime.swift in Sources */ = {isa = PBXBuildFile; fileRef = 2C0000000000000000000004 /* AppleDiagnosticsRuntime.swift */; };
		1C0000000000000000000005 /* UIKitGameKitPresentationHandoff.swift in Sources */ = {isa = PBXBuildFile; fileRef = 2C0000000000000000000005 /* UIKitGameKitPresentationHandoff.swift */; };
		1C0000000000000000000006 /* AuthoritativeAppStateStreamTests.swift in Sources */ = {isa = PBXBuildFile; fileRef = 2C0000000000000000000006 /* AuthoritativeAppStateStreamTests.swift */; };
		1C0000000000000000000007 /* ProductionServiceConfigurationTests.swift in Sources */ = {isa = PBXBuildFile; fileRef = 2C0000000000000000000007 /* ProductionServiceConfigurationTests.swift */; };
		1C0000000000000000000008 /* AppleDiagnosticsRuntimeTests.swift in Sources */ = {isa = PBXBuildFile; fileRef = 2C0000000000000000000008 /* AppleDiagnosticsRuntimeTests.swift */; };
		1C0000000000000000000009 /* UIKitGameKitPresentationHandoffTests.swift in Sources */ = {isa = PBXBuildFile; fileRef = 2C0000000000000000000009 /* UIKitGameKitPresentationHandoffTests.swift */; };
		1C000000000000000000000A /* ProductionAppRuntimeTests.swift in Sources */ = {isa = PBXBuildFile; fileRef = 2C000000000000000000000A /* ProductionAppRuntimeTests.swift */; };
		120000000000000000000007 /* GameCenterServiceTests.swift in Sources */ = {isa = PBXBuildFile; fileRef = 220000000000000000000007 /* GameCenterServiceTests.swift */; };
		120000000000000000000008 /* StoreTransactionServiceTests.swift in Sources */ = {isa = PBXBuildFile; fileRef = 220000000000000000000008 /* StoreTransactionServiceTests.swift */; };
		120000000000000000000009 /* RewardedAdServiceTests.swift in Sources */ = {isa = PBXBuildFile; fileRef = 220000000000000000000009 /* RewardedAdServiceTests.swift */; };
		12000000000000000000000A /* CloudSyncServiceTests.swift in Sources */ = {isa = PBXBuildFile; fileRef = 22000000000000000000000A /* CloudSyncServiceTests.swift */; };
		12000000000000000000000B /* TelemetryDiagnosticsServiceTests.swift in Sources */ = {isa = PBXBuildFile; fileRef = 22000000000000000000000B /* TelemetryDiagnosticsServiceTests.swift */; };
/* End PBXBuildFile section */

/* Begin PBXContainerItemProxy section */
		500000000000000000000001 /* PBXContainerItemProxy */ = {
			isa = PBXContainerItemProxy;
			containerPortal = 700000000000000000000001 /* Project object */;
			proxyType = 1;
			remoteGlobalIDString = 600000000000000000000001;
			remoteInfo = PocketVector;
		};
/* End PBXContainerItemProxy section */

/* Begin PBXFileReference section */
		200000000000000000000001 /* PocketVectorApp.swift */ = {isa = PBXFileReference; lastKnownFileType = sourcecode.swift; path = PocketVectorApp.swift; sourceTree = "<group>"; };
		200000000000000000000002 /* GameRootView.swift */ = {isa = PBXFileReference; lastKnownFileType = sourcecode.swift; path = GameRootView.swift; sourceTree = "<group>"; };
		200000000000000000000003 /* GameModels.swift */ = {isa = PBXFileReference; lastKnownFileType = sourcecode.swift; path = GameModels.swift; sourceTree = "<group>"; };
		200000000000000000000004 /* GameplayConfig.swift */ = {isa = PBXFileReference; lastKnownFileType = sourcecode.swift; path = GameplayConfig.swift; sourceTree = "<group>"; };
		200000000000000000000005 /* Trajectory.swift */ = {isa = PBXFileReference; lastKnownFileType = sourcecode.swift; path = Trajectory.swift; sourceTree = "<group>"; };
		200000000000000000000006 /* ThrowGesture.swift */ = {isa = PBXFileReference; lastKnownFileType = sourcecode.swift; path = ThrowGesture.swift; sourceTree = "<group>"; };
		200000000000000000000007 /* GameSimulation.swift */ = {isa = PBXFileReference; lastKnownFileType = sourcecode.swift; path = GameSimulation.swift; sourceTree = "<group>"; };
		200000000000000000000008 /* GameProjection.swift */ = {isa = PBXFileReference; lastKnownFileType = sourcecode.swift; path = GameProjection.swift; sourceTree = "<group>"; };
		200000000000000000000009 /* TextureLibrary.swift */ = {isa = PBXFileReference; lastKnownFileType = sourcecode.swift; path = TextureLibrary.swift; sourceTree = "<group>"; };
		20000000000000000000000A /* GameScene.swift */ = {isa = PBXFileReference; lastKnownFileType = sourcecode.swift; path = GameScene.swift; sourceTree = "<group>"; };
		20000000000000000000000B /* Assets.xcassets */ = {isa = PBXFileReference; lastKnownFileType = folder.assetcatalog; path = Assets.xcassets; sourceTree = "<group>"; };
		20000000000000000000000C /* GameAssets */ = {isa = PBXFileReference; lastKnownFileType = folder; path = GameAssets; sourceTree = "<group>"; };
		20000000000000000000000D /* GameCoreTests.swift */ = {isa = PBXFileReference; lastKnownFileType = sourcecode.swift; path = GameCoreTests.swift; sourceTree = "<group>"; };
		20000000000000000000000E /* PocketVector.app */ = {isa = PBXFileReference; explicitFileType = wrapper.application; includeInIndex = 0; path = PocketVector.app; sourceTree = BUILT_PRODUCTS_DIR; };
		20000000000000000000000F /* PocketVectorTests.xctest */ = {isa = PBXFileReference; explicitFileType = wrapper.cfbundle; includeInIndex = 0; path = PocketVectorTests.xctest; sourceTree = BUILT_PRODUCTS_DIR; };
		200000000000000000000010 /* GameAudioController.swift */ = {isa = PBXFileReference; lastKnownFileType = sourcecode.swift; path = GameAudioController.swift; sourceTree = "<group>"; };
		200000000000000000000011 /* BallVisualProjection.swift */ = {isa = PBXFileReference; lastKnownFileType = sourcecode.swift; path = BallVisualProjection.swift; sourceTree = "<group>"; };
		200000000000000000000012 /* HUDLayout.swift */ = {isa = PBXFileReference; lastKnownFileType = sourcecode.swift; path = HUDLayout.swift; sourceTree = "<group>"; };
		200000000000000000000013 /* BroadcastHUDNode.swift */ = {isa = PBXFileReference; lastKnownFileType = sourcecode.swift; path = BroadcastHUDNode.swift; sourceTree = "<group>"; };
		200000000000000000000014 /* FieldBoundaryLayout.swift */ = {isa = PBXFileReference; lastKnownFileType = sourcecode.swift; path = FieldBoundaryLayout.swift; sourceTree = "<group>"; };
		200000000000000000000015 /* SidelineEnvironmentNode.swift */ = {isa = PBXFileReference; lastKnownFileType = sourcecode.swift; path = SidelineEnvironmentNode.swift; sourceTree = "<group>"; };
		210000000000000000000001 /* Identifiers.swift */ = {isa = PBXFileReference; lastKnownFileType = sourcecode.swift; path = Identifiers.swift; sourceTree = "<group>"; };
		210000000000000000000002 /* RunModels.swift */ = {isa = PBXFileReference; lastKnownFileType = sourcecode.swift; path = RunModels.swift; sourceTree = "<group>"; };
		210000000000000000000003 /* PlayerProfileModels.swift */ = {isa = PBXFileReference; lastKnownFileType = sourcecode.swift; path = PlayerProfileModels.swift; sourceTree = "<group>"; };
		210000000000000000000004 /* CatalogModels.swift */ = {isa = PBXFileReference; lastKnownFileType = sourcecode.swift; path = CatalogModels.swift; sourceTree = "<group>"; };
		210000000000000000000005 /* EconomyModels.swift */ = {isa = PBXFileReference; lastKnownFileType = sourcecode.swift; path = EconomyModels.swift; sourceTree = "<group>"; };
		210000000000000000000006 /* AchievementModels.swift */ = {isa = PBXFileReference; lastKnownFileType = sourcecode.swift; path = AchievementModels.swift; sourceTree = "<group>"; };
		210000000000000000000007 /* LaunchTeamCatalog.swift */ = {isa = PBXFileReference; lastKnownFileType = sourcecode.swift; path = LaunchTeamCatalog.swift; sourceTree = "<group>"; };
		210000000000000000000008 /* InventoryRules.swift */ = {isa = PBXFileReference; lastKnownFileType = sourcecode.swift; path = InventoryRules.swift; sourceTree = "<group>"; };
		210000000000000000000009 /* MatchupGenerator.swift */ = {isa = PBXFileReference; lastKnownFileType = sourcecode.swift; path = MatchupGenerator.swift; sourceTree = "<group>"; };
		21000000000000000000000A /* UniformClashResolver.swift */ = {isa = PBXFileReference; lastKnownFileType = sourcecode.swift; path = UniformClashResolver.swift; sourceTree = "<group>"; };
		21000000000000000000000B /* EconomyConfiguration.swift */ = {isa = PBXFileReference; lastKnownFileType = sourcecode.swift; path = EconomyConfiguration.swift; sourceTree = "<group>"; };
		21000000000000000000000C /* RunRewardCalculator.swift */ = {isa = PBXFileReference; lastKnownFileType = sourcecode.swift; path = RunRewardCalculator.swift; sourceTree = "<group>"; };
		21000000000000000000000D /* AchievementCatalog.swift */ = {isa = PBXFileReference; lastKnownFileType = sourcecode.swift; path = AchievementCatalog.swift; sourceTree = "<group>"; };
		21000000000000000000000E /* AchievementEvaluator.swift */ = {isa = PBXFileReference; lastKnownFileType = sourcecode.swift; path = AchievementEvaluator.swift; sourceTree = "<group>"; };
		21000000000000000000000F /* DomainContractTests.swift */ = {isa = PBXFileReference; lastKnownFileType = sourcecode.swift; path = DomainContractTests.swift; sourceTree = "<group>"; };
		210000000000000000000010 /* CatalogRulesTests.swift */ = {isa = PBXFileReference; lastKnownFileType = sourcecode.swift; path = CatalogRulesTests.swift; sourceTree = "<group>"; };
		210000000000000000000011 /* EconomyAchievementTests.swift */ = {isa = PBXFileReference; lastKnownFileType = sourcecode.swift; path = EconomyAchievementTests.swift; sourceTree = "<group>"; };
		220000000000000000000001 /* GameCenterServices.swift */ = {isa = PBXFileReference; lastKnownFileType = sourcecode.swift; path = GameCenterServices.swift; sourceTree = "<group>"; };
		220000000000000000000002 /* StoreTransactionServices.swift */ = {isa = PBXFileReference; lastKnownFileType = sourcecode.swift; path = StoreTransactionServices.swift; sourceTree = "<group>"; };
		220000000000000000000003 /* RewardedAdServices.swift */ = {isa = PBXFileReference; lastKnownFileType = sourcecode.swift; path = RewardedAdServices.swift; sourceTree = "<group>"; };
		220000000000000000000004 /* CloudSyncServices.swift */ = {isa = PBXFileReference; lastKnownFileType = sourcecode.swift; path = CloudSyncServices.swift; sourceTree = "<group>"; };
		220000000000000000000005 /* TelemetryServices.swift */ = {isa = PBXFileReference; lastKnownFileType = sourcecode.swift; path = TelemetryServices.swift; sourceTree = "<group>"; };
		220000000000000000000006 /* DiagnosticsServices.swift */ = {isa = PBXFileReference; lastKnownFileType = sourcecode.swift; path = DiagnosticsServices.swift; sourceTree = "<group>"; };
		22000000000000000000000C /* ServiceAccountBindings.swift */ = {isa = PBXFileReference; lastKnownFileType = sourcecode.swift; path = ServiceAccountBindings.swift; sourceTree = "<group>"; };
		230000000000000000000001 /* PersistenceModels.swift */ = {isa = PBXFileReference; lastKnownFileType = sourcecode.swift; path = PersistenceModels.swift; sourceTree = "<group>"; };
		230000000000000000000002 /* PlayerProfileFactory.swift */ = {isa = PBXFileReference; lastKnownFileType = sourcecode.swift; path = PlayerProfileFactory.swift; sourceTree = "<group>"; };
		230000000000000000000003 /* PlayerProfileMigration.swift */ = {isa = PBXFileReference; lastKnownFileType = sourcecode.swift; path = PlayerProfileMigration.swift; sourceTree = "<group>"; };
		230000000000000000000004 /* AtomicProfileFileStore.swift */ = {isa = PBXFileReference; lastKnownFileType = sourcecode.swift; path = AtomicProfileFileStore.swift; sourceTree = "<group>"; };
		230000000000000000000005 /* LocalPlayerProfileRepository.swift */ = {isa = PBXFileReference; lastKnownFileType = sourcecode.swift; path = LocalPlayerProfileRepository.swift; sourceTree = "<group>"; };
		230000000000000000000006 /* CompletedRunValidator.swift */ = {isa = PBXFileReference; lastKnownFileType = sourcecode.swift; path = CompletedRunValidator.swift; sourceTree = "<group>"; };
		230000000000000000000007 /* PersistedEconomyRules.swift */ = {isa = PBXFileReference; lastKnownFileType = sourcecode.swift; path = PersistedEconomyRules.swift; sourceTree = "<group>"; };
		230000000000000000000008 /* PlayerProfilePersistenceTests.swift */ = {isa = PBXFileReference; lastKnownFileType = sourcecode.swift; path = PlayerProfilePersistenceTests.swift; sourceTree = "<group>"; };
		240000000000000000000001 /* AppCoordinator.swift */ = {isa = PBXFileReference; lastKnownFileType = sourcecode.swift; path = AppCoordinator.swift; sourceTree = "<group>"; };
		240000000000000000000002 /* AppCoordinatorModels.swift */ = {isa = PBXFileReference; lastKnownFileType = sourcecode.swift; path = AppCoordinatorModels.swift; sourceTree = "<group>"; };
		240000000000000000000003 /* GameplaySession.swift */ = {isa = PBXFileReference; lastKnownFileType = sourcecode.swift; path = GameplaySession.swift; sourceTree = "<group>"; };
		240000000000000000000004 /* AppShellView.swift */ = {isa = PBXFileReference; lastKnownFileType = sourcecode.swift; path = AppShellView.swift; sourceTree = "<group>"; };
		240000000000000000000005 /* MainMenuView.swift */ = {isa = PBXFileReference; lastKnownFileType = sourcecode.swift; path = MainMenuView.swift; sourceTree = "<group>"; };
		240000000000000000000006 /* TeamSelectionView.swift */ = {isa = PBXFileReference; lastKnownFileType = sourcecode.swift; path = TeamSelectionView.swift; sourceTree = "<group>"; };
		240000000000000000000007 /* LockerView.swift */ = {isa = PBXFileReference; lastKnownFileType = sourcecode.swift; path = LockerView.swift; sourceTree = "<group>"; };
		240000000000000000000008 /* AchievementsView.swift */ = {isa = PBXFileReference; lastKnownFileType = sourcecode.swift; path = AchievementsView.swift; sourceTree = "<group>"; };
		240000000000000000000009 /* CoinStoreView.swift */ = {isa = PBXFileReference; lastKnownFileType = sourcecode.swift; path = CoinStoreView.swift; sourceTree = "<group>"; };
		24000000000000000000000A /* SettingsView.swift */ = {isa = PBXFileReference; lastKnownFileType = sourcecode.swift; path = SettingsView.swift; sourceTree = "<group>"; };
		24000000000000000000000B /* RunResultsView.swift */ = {isa = PBXFileReference; lastKnownFileType = sourcecode.swift; path = RunResultsView.swift; sourceTree = "<group>"; };
		24000000000000000000000C /* LegacyGameplayAdapterView.swift */ = {isa = PBXFileReference; lastKnownFileType = sourcecode.swift; path = LegacyGameplayAdapterView.swift; sourceTree = "<group>"; };
		24000000000000000000000D /* PocketVectorTheme.swift */ = {isa = PBXFileReference; lastKnownFileType = sourcecode.swift; path = PocketVectorTheme.swift; sourceTree = "<group>"; };
		24000000000000000000000E /* PocketVectorComponents.swift */ = {isa = PBXFileReference; lastKnownFileType = sourcecode.swift; path = PocketVectorComponents.swift; sourceTree = "<group>"; };
		24000000000000000000000F /* AppPresentation.swift */ = {isa = PBXFileReference; lastKnownFileType = sourcecode.swift; path = AppPresentation.swift; sourceTree = "<group>"; };
		240000000000000000000010 /* AppCoordinatorTests.swift */ = {isa = PBXFileReference; lastKnownFileType = sourcecode.swift; path = AppCoordinatorTests.swift; sourceTree = "<group>"; };
		240000000000000000000011 /* AppPresentationTests.swift */ = {isa = PBXFileReference; lastKnownFileType = sourcecode.swift; path = AppPresentationTests.swift; sourceTree = "<group>"; };
		240000000000000000000012 /* GameplaySessionTests.swift */ = {isa = PBXFileReference; lastKnownFileType = sourcecode.swift; path = GameplaySessionTests.swift; sourceTree = "<group>"; };
		240000000000000000000013 /* GameplayCoordinatorTests.swift */ = {isa = PBXFileReference; lastKnownFileType = sourcecode.swift; path = GameplayCoordinatorTests.swift; sourceTree = "<group>"; };
		250000000000000000000001 /* GameKitGameCenterAdapter.swift */ = {isa = PBXFileReference; lastKnownFileType = sourcecode.swift; path = GameKitGameCenterAdapter.swift; sourceTree = "<group>"; };
		250000000000000000000002 /* GameKitGameCenterAdapterTests.swift */ = {isa = PBXFileReference; lastKnownFileType = sourcecode.swift; path = GameKitGameCenterAdapterTests.swift; sourceTree = "<group>"; };
		260000000000000000000001 /* LaunchVisualIdentity.swift */ = {isa = PBXFileReference; lastKnownFileType = sourcecode.swift; path = LaunchVisualIdentity.swift; sourceTree = "<group>"; };
		260000000000000000000002 /* LaunchVisualIdentityTests.swift */ = {isa = PBXFileReference; lastKnownFileType = sourcecode.swift; path = LaunchVisualIdentityTests.swift; sourceTree = "<group>"; };
		270000000000000000000001 /* ProductionAppComposition.swift */ = {isa = PBXFileReference; lastKnownFileType = sourcecode.swift; path = ProductionAppComposition.swift; sourceTree = "<group>"; };
		270000000000000000000002 /* ProductionAppCompositionTests.swift */ = {isa = PBXFileReference; lastKnownFileType = sourcecode.swift; path = ProductionAppCompositionTests.swift; sourceTree = "<group>"; };
		270000000000000000000003 /* CloudKitCloudSyncAdapter.swift */ = {isa = PBXFileReference; lastKnownFileType = sourcecode.swift; path = CloudKitCloudSyncAdapter.swift; sourceTree = "<group>"; };
		270000000000000000000004 /* CloudKitCloudSyncAdapterTests.swift */ = {isa = PBXFileReference; lastKnownFileType = sourcecode.swift; path = CloudKitCloudSyncAdapterTests.swift; sourceTree = "<group>"; };
		270000000000000000000005 /* StoreKit2TransactionAdapter.swift */ = {isa = PBXFileReference; lastKnownFileType = sourcecode.swift; path = StoreKit2TransactionAdapter.swift; sourceTree = "<group>"; };
		270000000000000000000006 /* StoreKit2TransactionAdapterTests.swift */ = {isa = PBXFileReference; lastKnownFileType = sourcecode.swift; path = StoreKit2TransactionAdapterTests.swift; sourceTree = "<group>"; };
		280000000000000000000001 /* PrivacyInfo.xcprivacy */ = {isa = PBXFileReference; lastKnownFileType = text.xml; path = PrivacyInfo.xcprivacy; sourceTree = "<group>"; };
		280000000000000000000002 /* PocketVector.entitlements */ = {isa = PBXFileReference; lastKnownFileType = text.plist.entitlements; path = PocketVector.entitlements; sourceTree = "<group>"; };
		280000000000000000000003 /* Info.plist */ = {isa = PBXFileReference; lastKnownFileType = text.plist.xml; path = Info.plist; sourceTree = "<group>"; };
		290000000000000000000001 /* TutorialView.swift */ = {isa = PBXFileReference; lastKnownFileType = sourcecode.swift; path = TutorialView.swift; sourceTree = "<group>"; };
		290000000000000000000002 /* PrivacySupportView.swift */ = {isa = PBXFileReference; lastKnownFileType = sourcecode.swift; path = PrivacySupportView.swift; sourceTree = "<group>"; };
		290000000000000000000003 /* TutorialPrivacyCoordinatorTests.swift */ = {isa = PBXFileReference; lastKnownFileType = sourcecode.swift; path = TutorialPrivacyCoordinatorTests.swift; sourceTree = "<group>"; };
		2A0000000000000000000001 /* DurableEconomyCoordinator.swift */ = {isa = PBXFileReference; lastKnownFileType = sourcecode.swift; path = DurableEconomyCoordinator.swift; sourceTree = "<group>"; };
		2A0000000000000000000002 /* DurableEconomyCoordinatorTests.swift */ = {isa = PBXFileReference; lastKnownFileType = sourcecode.swift; path = DurableEconomyCoordinatorTests.swift; sourceTree = "<group>"; };
		2B0000000000000000000001 /* AppleDiagnosticsAdapter.swift */ = {isa = PBXFileReference; lastKnownFileType = sourcecode.swift; path = AppleDiagnosticsAdapter.swift; sourceTree = "<group>"; };
		2B0000000000000000000002 /* AppleDiagnosticsAdapterTests.swift */ = {isa = PBXFileReference; lastKnownFileType = sourcecode.swift; path = AppleDiagnosticsAdapterTests.swift; sourceTree = "<group>"; };
		2C0000000000000000000001 /* ProductionAppRuntime.swift */ = {isa = PBXFileReference; lastKnownFileType = sourcecode.swift; path = ProductionAppRuntime.swift; sourceTree = "<group>"; };
		2C0000000000000000000002 /* ProductionAuthoritativeStateChannel.swift */ = {isa = PBXFileReference; lastKnownFileType = sourcecode.swift; path = ProductionAuthoritativeStateChannel.swift; sourceTree = "<group>"; };
		2C0000000000000000000003 /* ProductionServiceConfiguration.swift */ = {isa = PBXFileReference; lastKnownFileType = sourcecode.swift; path = ProductionServiceConfiguration.swift; sourceTree = "<group>"; };
		2C0000000000000000000004 /* AppleDiagnosticsRuntime.swift */ = {isa = PBXFileReference; lastKnownFileType = sourcecode.swift; path = AppleDiagnosticsRuntime.swift; sourceTree = "<group>"; };
		2C0000000000000000000005 /* UIKitGameKitPresentationHandoff.swift */ = {isa = PBXFileReference; lastKnownFileType = sourcecode.swift; path = UIKitGameKitPresentationHandoff.swift; sourceTree = "<group>"; };
		2C0000000000000000000006 /* AuthoritativeAppStateStreamTests.swift */ = {isa = PBXFileReference; lastKnownFileType = sourcecode.swift; path = AuthoritativeAppStateStreamTests.swift; sourceTree = "<group>"; };
		2C0000000000000000000007 /* ProductionServiceConfigurationTests.swift */ = {isa = PBXFileReference; lastKnownFileType = sourcecode.swift; path = ProductionServiceConfigurationTests.swift; sourceTree = "<group>"; };
		2C0000000000000000000008 /* AppleDiagnosticsRuntimeTests.swift */ = {isa = PBXFileReference; lastKnownFileType = sourcecode.swift; path = AppleDiagnosticsRuntimeTests.swift; sourceTree = "<group>"; };
		2C0000000000000000000009 /* UIKitGameKitPresentationHandoffTests.swift */ = {isa = PBXFileReference; lastKnownFileType = sourcecode.swift; path = UIKitGameKitPresentationHandoffTests.swift; sourceTree = "<group>"; };
		2C000000000000000000000A /* ProductionAppRuntimeTests.swift */ = {isa = PBXFileReference; lastKnownFileType = sourcecode.swift; path = ProductionAppRuntimeTests.swift; sourceTree = "<group>"; };
		220000000000000000000007 /* GameCenterServiceTests.swift */ = {isa = PBXFileReference; lastKnownFileType = sourcecode.swift; path = GameCenterServiceTests.swift; sourceTree = "<group>"; };
		220000000000000000000008 /* StoreTransactionServiceTests.swift */ = {isa = PBXFileReference; lastKnownFileType = sourcecode.swift; path = StoreTransactionServiceTests.swift; sourceTree = "<group>"; };
		220000000000000000000009 /* RewardedAdServiceTests.swift */ = {isa = PBXFileReference; lastKnownFileType = sourcecode.swift; path = RewardedAdServiceTests.swift; sourceTree = "<group>"; };
		22000000000000000000000A /* CloudSyncServiceTests.swift */ = {isa = PBXFileReference; lastKnownFileType = sourcecode.swift; path = CloudSyncServiceTests.swift; sourceTree = "<group>"; };
		22000000000000000000000B /* TelemetryDiagnosticsServiceTests.swift */ = {isa = PBXFileReference; lastKnownFileType = sourcecode.swift; path = TelemetryDiagnosticsServiceTests.swift; sourceTree = "<group>"; };
/* End PBXFileReference section */

/* Begin PBXFrameworksBuildPhase section */
		400000000000000000000002 /* Frameworks */ = {
			isa = PBXFrameworksBuildPhase;
			buildActionMask = 2147483647;
			files = (
			);
			runOnlyForDeploymentPostprocessing = 0;
		};
		400000000000000000000005 /* Frameworks */ = {
			isa = PBXFrameworksBuildPhase;
			buildActionMask = 2147483647;
			files = (
			);
			runOnlyForDeploymentPostprocessing = 0;
		};
/* End PBXFrameworksBuildPhase section */

/* Begin PBXGroup section */
		300000000000000000000001 = {
			isa = PBXGroup;
			children = (
				300000000000000000000003 /* PocketVector */,
				300000000000000000000009 /* PocketVectorTests */,
				300000000000000000000002 /* Products */,
			);
			sourceTree = "<group>";
		};
		300000000000000000000002 /* Products */ = {
			isa = PBXGroup;
			children = (
				20000000000000000000000E /* PocketVector.app */,
				20000000000000000000000F /* PocketVectorTests.xctest */,
			);
			name = Products;
			sourceTree = "<group>";
		};
		300000000000000000000003 /* PocketVector */ = {
			isa = PBXGroup;
			children = (
				280000000000000000000002 /* PocketVector.entitlements */,
				280000000000000000000003 /* Info.plist */,
				300000000000000000000004 /* App */,
				340000000000000000000001 /* UI */,
				310000000000000000000001 /* Domain */,
				310000000000000000000002 /* Catalog */,
				310000000000000000000003 /* Economy */,
				310000000000000000000004 /* Achievements */,
				320000000000000000000001 /* Services */,
				330000000000000000000001 /* Persistence */,
				350000000000000000000001 /* Visual Identity */,
				300000000000000000000005 /* Game */,
				300000000000000000000008 /* Resources */,
			);
			path = PocketVector;
			sourceTree = "<group>";
		};
		300000000000000000000004 /* App */ = {
			isa = PBXGroup;
			children = (
				200000000000000000000001 /* PocketVectorApp.swift */,
				200000000000000000000002 /* GameRootView.swift */,
				240000000000000000000001 /* AppCoordinator.swift */,
				240000000000000000000002 /* AppCoordinatorModels.swift */,
				270000000000000000000001 /* ProductionAppComposition.swift */,
				2C0000000000000000000001 /* ProductionAppRuntime.swift */,
				2C0000000000000000000002 /* ProductionAuthoritativeStateChannel.swift */,
				2C0000000000000000000003 /* ProductionServiceConfiguration.swift */,
			);
			path = App;
			sourceTree = "<group>";
		};
		300000000000000000000005 /* Game */ = {
			isa = PBXGroup;
			children = (
				300000000000000000000006 /* Core */,
				30000000000000000000000A /* Audio */,
				300000000000000000000007 /* Rendering */,
			);
			path = Game;
			sourceTree = "<group>";
		};
		300000000000000000000006 /* Core */ = {
			isa = PBXGroup;
			children = (
				200000000000000000000003 /* GameModels.swift */,
				200000000000000000000004 /* GameplayConfig.swift */,
				200000000000000000000005 /* Trajectory.swift */,
				200000000000000000000006 /* ThrowGesture.swift */,
				200000000000000000000007 /* GameSimulation.swift */,
				240000000000000000000003 /* GameplaySession.swift */,
			);
			path = Core;
			sourceTree = "<group>";
		};
		300000000000000000000007 /* Rendering */ = {
			isa = PBXGroup;
			children = (
				200000000000000000000008 /* GameProjection.swift */,
				200000000000000000000014 /* FieldBoundaryLayout.swift */,
				200000000000000000000015 /* SidelineEnvironmentNode.swift */,
				200000000000000000000009 /* TextureLibrary.swift */,
				200000000000000000000011 /* BallVisualProjection.swift */,
				200000000000000000000012 /* HUDLayout.swift */,
				200000000000000000000013 /* BroadcastHUDNode.swift */,
				20000000000000000000000A /* GameScene.swift */,
			);
			path = Rendering;
			sourceTree = "<group>";
		};
		300000000000000000000008 /* Resources */ = {
			isa = PBXGroup;
			children = (
				20000000000000000000000B /* Assets.xcassets */,
				20000000000000000000000C /* GameAssets */,
				280000000000000000000001 /* PrivacyInfo.xcprivacy */,
			);
			path = Resources;
			sourceTree = "<group>";
		};
		300000000000000000000009 /* PocketVectorTests */ = {
			isa = PBXGroup;
			children = (
				20000000000000000000000D /* GameCoreTests.swift */,
				21000000000000000000000F /* DomainContractTests.swift */,
				210000000000000000000010 /* CatalogRulesTests.swift */,
				210000000000000000000011 /* EconomyAchievementTests.swift */,
				220000000000000000000007 /* GameCenterServiceTests.swift */,
				250000000000000000000002 /* GameKitGameCenterAdapterTests.swift */,
				220000000000000000000008 /* StoreTransactionServiceTests.swift */,
				220000000000000000000009 /* RewardedAdServiceTests.swift */,
				22000000000000000000000A /* CloudSyncServiceTests.swift */,
				22000000000000000000000B /* TelemetryDiagnosticsServiceTests.swift */,
				230000000000000000000008 /* PlayerProfilePersistenceTests.swift */,
				240000000000000000000010 /* AppCoordinatorTests.swift */,
				240000000000000000000011 /* AppPresentationTests.swift */,
				240000000000000000000012 /* GameplaySessionTests.swift */,
				240000000000000000000013 /* GameplayCoordinatorTests.swift */,
				260000000000000000000002 /* LaunchVisualIdentityTests.swift */,
				270000000000000000000002 /* ProductionAppCompositionTests.swift */,
				270000000000000000000004 /* CloudKitCloudSyncAdapterTests.swift */,
				270000000000000000000006 /* StoreKit2TransactionAdapterTests.swift */,
				290000000000000000000003 /* TutorialPrivacyCoordinatorTests.swift */,
				2A0000000000000000000002 /* DurableEconomyCoordinatorTests.swift */,
				2B0000000000000000000002 /* AppleDiagnosticsAdapterTests.swift */,
				2C0000000000000000000006 /* AuthoritativeAppStateStreamTests.swift */,
				2C0000000000000000000007 /* ProductionServiceConfigurationTests.swift */,
				2C0000000000000000000008 /* AppleDiagnosticsRuntimeTests.swift */,
				2C0000000000000000000009 /* UIKitGameKitPresentationHandoffTests.swift */,
				2C000000000000000000000A /* ProductionAppRuntimeTests.swift */,
			);
			path = PocketVectorTests;
			sourceTree = "<group>";
		};
		30000000000000000000000A /* Audio */ = {
			isa = PBXGroup;
			children = (
				200000000000000000000010 /* GameAudioController.swift */,
			);
			path = Audio;
			sourceTree = "<group>";
		};
		310000000000000000000001 /* Domain */ = {
			isa = PBXGroup;
			children = (
				210000000000000000000001 /* Identifiers.swift */,
				210000000000000000000002 /* RunModels.swift */,
				210000000000000000000003 /* PlayerProfileModels.swift */,
				210000000000000000000004 /* CatalogModels.swift */,
				210000000000000000000005 /* EconomyModels.swift */,
				210000000000000000000006 /* AchievementModels.swift */,
			);
			path = Domain;
			sourceTree = "<group>";
		};
		310000000000000000000002 /* Catalog */ = {
			isa = PBXGroup;
			children = (
				210000000000000000000007 /* LaunchTeamCatalog.swift */,
				210000000000000000000008 /* InventoryRules.swift */,
				210000000000000000000009 /* MatchupGenerator.swift */,
				21000000000000000000000A /* UniformClashResolver.swift */,
			);
			path = Catalog;
			sourceTree = "<group>";
		};
		310000000000000000000003 /* Economy */ = {
			isa = PBXGroup;
			children = (
				21000000000000000000000B /* EconomyConfiguration.swift */,
				21000000000000000000000C /* RunRewardCalculator.swift */,
			);
			path = Economy;
			sourceTree = "<group>";
		};
		310000000000000000000004 /* Achievements */ = {
			isa = PBXGroup;
			children = (
				21000000000000000000000D /* AchievementCatalog.swift */,
				21000000000000000000000E /* AchievementEvaluator.swift */,
			);
			path = Achievements;
			sourceTree = "<group>";
		};
		320000000000000000000001 /* Services */ = {
			isa = PBXGroup;
			children = (
				220000000000000000000001 /* GameCenterServices.swift */,
				250000000000000000000001 /* GameKitGameCenterAdapter.swift */,
				220000000000000000000002 /* StoreTransactionServices.swift */,
				270000000000000000000005 /* StoreKit2TransactionAdapter.swift */,
				220000000000000000000003 /* RewardedAdServices.swift */,
				220000000000000000000004 /* CloudSyncServices.swift */,
				270000000000000000000003 /* CloudKitCloudSyncAdapter.swift */,
				220000000000000000000005 /* TelemetryServices.swift */,
				220000000000000000000006 /* DiagnosticsServices.swift */,
				22000000000000000000000C /* ServiceAccountBindings.swift */,
				2A0000000000000000000001 /* DurableEconomyCoordinator.swift */,
				2B0000000000000000000001 /* AppleDiagnosticsAdapter.swift */,
				2C0000000000000000000004 /* AppleDiagnosticsRuntime.swift */,
				2C0000000000000000000005 /* UIKitGameKitPresentationHandoff.swift */,
			);
			path = Services;
			sourceTree = "<group>";
		};
		330000000000000000000001 /* Persistence */ = {
			isa = PBXGroup;
			children = (
				230000000000000000000001 /* PersistenceModels.swift */,
				230000000000000000000002 /* PlayerProfileFactory.swift */,
				230000000000000000000003 /* PlayerProfileMigration.swift */,
				230000000000000000000004 /* AtomicProfileFileStore.swift */,
				230000000000000000000005 /* LocalPlayerProfileRepository.swift */,
				230000000000000000000006 /* CompletedRunValidator.swift */,
				230000000000000000000007 /* PersistedEconomyRules.swift */,
			);
			path = Persistence;
			sourceTree = "<group>";
		};
		340000000000000000000001 /* UI */ = {
			isa = PBXGroup;
			children = (
				240000000000000000000004 /* AppShellView.swift */,
				240000000000000000000005 /* MainMenuView.swift */,
				240000000000000000000006 /* TeamSelectionView.swift */,
				240000000000000000000007 /* LockerView.swift */,
				240000000000000000000008 /* AchievementsView.swift */,
				240000000000000000000009 /* CoinStoreView.swift */,
				24000000000000000000000A /* SettingsView.swift */,
				24000000000000000000000B /* RunResultsView.swift */,
				24000000000000000000000C /* LegacyGameplayAdapterView.swift */,
				290000000000000000000001 /* TutorialView.swift */,
				290000000000000000000002 /* PrivacySupportView.swift */,
				340000000000000000000002 /* Foundation */,
				340000000000000000000003 /* Presentation */,
			);
			path = UI;
			sourceTree = "<group>";
		};
		340000000000000000000002 /* Foundation */ = {
			isa = PBXGroup;
			children = (
				24000000000000000000000D /* PocketVectorTheme.swift */,
				24000000000000000000000E /* PocketVectorComponents.swift */,
			);
			path = Foundation;
			sourceTree = "<group>";
		};
		340000000000000000000003 /* Presentation */ = {
			isa = PBXGroup;
			children = (
				24000000000000000000000F /* AppPresentation.swift */,
			);
			path = Presentation;
			sourceTree = "<group>";
		};
		350000000000000000000001 /* Visual Identity */ = {
			isa = PBXGroup;
			children = (
				260000000000000000000001 /* LaunchVisualIdentity.swift */,
			);
			path = Presentation;
			sourceTree = "<group>";
		};
/* End PBXGroup section */

/* Begin PBXNativeTarget section */
		600000000000000000000001 /* PocketVector */ = {
			isa = PBXNativeTarget;
			buildConfigurationList = 800000000000000000000002 /* Build configuration list for PBXNativeTarget "PocketVector" */;
			buildPhases = (
				400000000000000000000001 /* Sources */,
				400000000000000000000002 /* Frameworks */,
				400000000000000000000003 /* Resources */,
			);
			buildRules = (
			);
			dependencies = (
			);
			name = PocketVector;
			productName = PocketVector;
			productReference = 20000000000000000000000E /* PocketVector.app */;
			productType = "com.apple.product-type.application";
		};
		600000000000000000000002 /* PocketVectorTests */ = {
			isa = PBXNativeTarget;
			buildConfigurationList = 800000000000000000000003 /* Build configuration list for PBXNativeTarget "PocketVectorTests" */;
			buildPhases = (
				400000000000000000000004 /* Sources */,
				400000000000000000000005 /* Frameworks */,
				400000000000000000000006 /* Resources */,
			);
			buildRules = (
			);
			dependencies = (
				500000000000000000000002 /* PBXTargetDependency */,
			);
			name = PocketVectorTests;
			productName = PocketVectorTests;
			productReference = 20000000000000000000000F /* PocketVectorTests.xctest */;
			productType = "com.apple.product-type.bundle.unit-test";
		};
/* End PBXNativeTarget section */

/* Begin PBXProject section */
		700000000000000000000001 /* Project object */ = {
			isa = PBXProject;
			attributes = {
				BuildIndependentTargetsInParallel = 1;
				LastSwiftUpdateCheck = 2660;
				LastUpgradeCheck = 2660;
				TargetAttributes = {
					600000000000000000000001 = {
						CreatedOnToolsVersion = 26.6;
					};
					600000000000000000000002 = {
						CreatedOnToolsVersion = 26.6;
						TestTargetID = 600000000000000000000001;
					};
				};
			};
			buildConfigurationList = 800000000000000000000001 /* Build configuration list for PBXProject "PocketVector" */;
			compatibilityVersion = "Xcode 14.0";
			developmentRegion = en;
			hasScannedForEncodings = 0;
			knownRegions = (
				en,
				Base,
			);
			mainGroup = 300000000000000000000001;
			productRefGroup = 300000000000000000000002 /* Products */;
			projectDirPath = "";
			projectRoot = "";
			targets = (
				600000000000000000000001 /* PocketVector */,
				600000000000000000000002 /* PocketVectorTests */,
			);
		};
/* End PBXProject section */

/* Begin PBXResourcesBuildPhase section */
		400000000000000000000003 /* Resources */ = {
			isa = PBXResourcesBuildPhase;
			buildActionMask = 2147483647;
			files = (
				10000000000000000000000B /* Assets.xcassets in Resources */,
				10000000000000000000000C /* GameAssets in Resources */,
				180000000000000000000001 /* PrivacyInfo.xcprivacy in Resources */,
			);
			runOnlyForDeploymentPostprocessing = 0;
		};
		400000000000000000000006 /* Resources */ = {
			isa = PBXResourcesBuildPhase;
			buildActionMask = 2147483647;
			files = (
			);
			runOnlyForDeploymentPostprocessing = 0;
		};
/* End PBXResourcesBuildPhase section */

/* Begin PBXSourcesBuildPhase section */
		400000000000000000000001 /* Sources */ = {
			isa = PBXSourcesBuildPhase;
			buildActionMask = 2147483647;
			files = (
				100000000000000000000001 /* PocketVectorApp.swift in Sources */,
				100000000000000000000002 /* GameRootView.swift in Sources */,
				100000000000000000000003 /* GameModels.swift in Sources */,
				100000000000000000000004 /* GameplayConfig.swift in Sources */,
				100000000000000000000005 /* Trajectory.swift in Sources */,
				100000000000000000000006 /* ThrowGesture.swift in Sources */,
				100000000000000000000007 /* GameSimulation.swift in Sources */,
				100000000000000000000008 /* GameProjection.swift in Sources */,
				100000000000000000000012 /* FieldBoundaryLayout.swift in Sources */,
				100000000000000000000013 /* SidelineEnvironmentNode.swift in Sources */,
				100000000000000000000009 /* TextureLibrary.swift in Sources */,
				10000000000000000000000E /* GameAudioController.swift in Sources */,
				10000000000000000000000F /* BallVisualProjection.swift in Sources */,
				100000000000000000000010 /* HUDLayout.swift in Sources */,
				100000000000000000000011 /* BroadcastHUDNode.swift in Sources */,
				10000000000000000000000A /* GameScene.swift in Sources */,
				110000000000000000000001 /* Identifiers.swift in Sources */,
				110000000000000000000002 /* RunModels.swift in Sources */,
				110000000000000000000003 /* PlayerProfileModels.swift in Sources */,
				110000000000000000000004 /* CatalogModels.swift in Sources */,
				110000000000000000000005 /* EconomyModels.swift in Sources */,
				110000000000000000000006 /* AchievementModels.swift in Sources */,
				110000000000000000000007 /* LaunchTeamCatalog.swift in Sources */,
				110000000000000000000008 /* InventoryRules.swift in Sources */,
				110000000000000000000009 /* MatchupGenerator.swift in Sources */,
				11000000000000000000000A /* UniformClashResolver.swift in Sources */,
				11000000000000000000000B /* EconomyConfiguration.swift in Sources */,
				11000000000000000000000C /* RunRewardCalculator.swift in Sources */,
				11000000000000000000000D /* AchievementCatalog.swift in Sources */,
				11000000000000000000000E /* AchievementEvaluator.swift in Sources */,
				120000000000000000000001 /* GameCenterServices.swift in Sources */,
				120000000000000000000002 /* StoreTransactionServices.swift in Sources */,
				120000000000000000000003 /* RewardedAdServices.swift in Sources */,
				120000000000000000000004 /* CloudSyncServices.swift in Sources */,
				120000000000000000000005 /* TelemetryServices.swift in Sources */,
				120000000000000000000006 /* DiagnosticsServices.swift in Sources */,
				12000000000000000000000C /* ServiceAccountBindings.swift in Sources */,
				150000000000000000000001 /* GameKitGameCenterAdapter.swift in Sources */,
				160000000000000000000001 /* LaunchVisualIdentity.swift in Sources */,
				170000000000000000000001 /* ProductionAppComposition.swift in Sources */,
				170000000000000000000003 /* CloudKitCloudSyncAdapter.swift in Sources */,
				170000000000000000000005 /* StoreKit2TransactionAdapter.swift in Sources */,
				130000000000000000000001 /* PersistenceModels.swift in Sources */,
				130000000000000000000002 /* PlayerProfileFactory.swift in Sources */,
				130000000000000000000003 /* PlayerProfileMigration.swift in Sources */,
				130000000000000000000004 /* AtomicProfileFileStore.swift in Sources */,
				130000000000000000000005 /* LocalPlayerProfileRepository.swift in Sources */,
				130000000000000000000006 /* CompletedRunValidator.swift in Sources */,
				130000000000000000000007 /* PersistedEconomyRules.swift in Sources */,
				140000000000000000000001 /* AppCoordinator.swift in Sources */,
				140000000000000000000002 /* AppCoordinatorModels.swift in Sources */,
				140000000000000000000003 /* GameplaySession.swift in Sources */,
				140000000000000000000004 /* AppShellView.swift in Sources */,
				140000000000000000000005 /* MainMenuView.swift in Sources */,
				140000000000000000000006 /* TeamSelectionView.swift in Sources */,
				140000000000000000000007 /* LockerView.swift in Sources */,
				140000000000000000000008 /* AchievementsView.swift in Sources */,
				140000000000000000000009 /* CoinStoreView.swift in Sources */,
				14000000000000000000000A /* SettingsView.swift in Sources */,
				14000000000000000000000B /* RunResultsView.swift in Sources */,
				14000000000000000000000C /* LegacyGameplayAdapterView.swift in Sources */,
				14000000000000000000000D /* PocketVectorTheme.swift in Sources */,
				14000000000000000000000E /* PocketVectorComponents.swift in Sources */,
				14000000000000000000000F /* AppPresentation.swift in Sources */,
				190000000000000000000001 /* TutorialView.swift in Sources */,
				190000000000000000000002 /* PrivacySupportView.swift in Sources */,
				1A0000000000000000000001 /* DurableEconomyCoordinator.swift in Sources */,
				1B0000000000000000000001 /* AppleDiagnosticsAdapter.swift in Sources */,
				1C0000000000000000000001 /* ProductionAppRuntime.swift in Sources */,
				1C0000000000000000000002 /* ProductionAuthoritativeStateChannel.swift in Sources */,
				1C0000000000000000000003 /* ProductionServiceConfiguration.swift in Sources */,
				1C0000000000000000000004 /* AppleDiagnosticsRuntime.swift in Sources */,
				1C0000000000000000000005 /* UIKitGameKitPresentationHandoff.swift in Sources */,
			);
			runOnlyForDeploymentPostprocessing = 0;
		};
		400000000000000000000004 /* Sources */ = {
			isa = PBXSourcesBuildPhase;
			buildActionMask = 2147483647;
			files = (
				10000000000000000000000D /* GameCoreTests.swift in Sources */,
				11000000000000000000000F /* DomainContractTests.swift in Sources */,
				110000000000000000000010 /* CatalogRulesTests.swift in Sources */,
				110000000000000000000011 /* EconomyAchievementTests.swift in Sources */,
				120000000000000000000007 /* GameCenterServiceTests.swift in Sources */,
				150000000000000000000002 /* GameKitGameCenterAdapterTests.swift in Sources */,
				120000000000000000000008 /* StoreTransactionServiceTests.swift in Sources */,
				120000000000000000000009 /* RewardedAdServiceTests.swift in Sources */,
				12000000000000000000000A /* CloudSyncServiceTests.swift in Sources */,
				12000000000000000000000B /* TelemetryDiagnosticsServiceTests.swift in Sources */,
				130000000000000000000008 /* PlayerProfilePersistenceTests.swift in Sources */,
				140000000000000000000010 /* AppCoordinatorTests.swift in Sources */,
				140000000000000000000011 /* AppPresentationTests.swift in Sources */,
				140000000000000000000012 /* GameplaySessionTests.swift in Sources */,
				140000000000000000000013 /* GameplayCoordinatorTests.swift in Sources */,
				160000000000000000000002 /* LaunchVisualIdentityTests.swift in Sources */,
				170000000000000000000002 /* ProductionAppCompositionTests.swift in Sources */,
				170000000000000000000004 /* CloudKitCloudSyncAdapterTests.swift in Sources */,
				170000000000000000000006 /* StoreKit2TransactionAdapterTests.swift in Sources */,
				190000000000000000000003 /* TutorialPrivacyCoordinatorTests.swift in Sources */,
				1A0000000000000000000002 /* DurableEconomyCoordinatorTests.swift in Sources */,
				1B0000000000000000000002 /* AppleDiagnosticsAdapterTests.swift in Sources */,
				1C0000000000000000000006 /* AuthoritativeAppStateStreamTests.swift in Sources */,
				1C0000000000000000000007 /* ProductionServiceConfigurationTests.swift in Sources */,
				1C0000000000000000000008 /* AppleDiagnosticsRuntimeTests.swift in Sources */,
				1C0000000000000000000009 /* UIKitGameKitPresentationHandoffTests.swift in Sources */,
				1C000000000000000000000A /* ProductionAppRuntimeTests.swift in Sources */,
			);
			runOnlyForDeploymentPostprocessing = 0;
		};
/* End PBXSourcesBuildPhase section */

/* Begin PBXTargetDependency section */
		500000000000000000000002 /* PBXTargetDependency */ = {
			isa = PBXTargetDependency;
			target = 600000000000000000000001 /* PocketVector */;
			targetProxy = 500000000000000000000001 /* PBXContainerItemProxy */;
		};
/* End PBXTargetDependency section */

/* Begin XCBuildConfiguration section */
		900000000000000000000001 /* Debug */ = {
			isa = XCBuildConfiguration;
			buildSettings = {
				ALWAYS_SEARCH_USER_PATHS = NO;
				ASSETCATALOG_COMPILER_GENERATE_SWIFT_ASSET_SYMBOL_EXTENSIONS = YES;
				CLANG_ANALYZER_NONNULL = YES;
				CLANG_ANALYZER_NUMBER_OBJECT_CONVERSION = YES_AGGRESSIVE;
				CLANG_CXX_LANGUAGE_STANDARD = "gnu++20";
				CLANG_ENABLE_MODULES = YES;
				CLANG_ENABLE_OBJC_ARC = YES;
				CLANG_ENABLE_OBJC_WEAK = YES;
				CLANG_WARN_BLOCK_CAPTURE_AUTORELEASING = YES;
				CLANG_WARN_BOOL_CONVERSION = YES;
				CLANG_WARN_COMMA = YES;
				CLANG_WARN_CONSTANT_CONVERSION = YES;
				CLANG_WARN_DEPRECATED_OBJC_IMPLEMENTATIONS = YES;
				CLANG_WARN_DIRECT_OBJC_ISA_USAGE = YES_ERROR;
				CLANG_WARN_DOCUMENTATION_COMMENTS = YES;
				CLANG_WARN_EMPTY_BODY = YES;
				CLANG_WARN_ENUM_CONVERSION = YES;
				CLANG_WARN_INFINITE_RECURSION = YES;
				CLANG_WARN_INT_CONVERSION = YES;
				CLANG_WARN_NON_LITERAL_NULL_CONVERSION = YES;
				CLANG_WARN_OBJC_IMPLICIT_RETAIN_SELF = YES;
				CLANG_WARN_OBJC_LITERAL_CONVERSION = YES;
				CLANG_WARN_OBJC_ROOT_CLASS = YES_ERROR;
				CLANG_WARN_QUOTED_INCLUDE_IN_FRAMEWORK_HEADER = YES;
				CLANG_WARN_RANGE_LOOP_ANALYSIS = YES;
				CLANG_WARN_STRICT_PROTOTYPES = YES;
				CLANG_WARN_SUSPICIOUS_MOVE = YES;
				CLANG_WARN_UNGUARDED_AVAILABILITY = YES_AGGRESSIVE;
				CLANG_WARN_UNREACHABLE_CODE = YES;
				CLANG_WARN__DUPLICATE_METHOD_MATCH = YES;
				COPY_PHASE_STRIP = NO;
				DEBUG_INFORMATION_FORMAT = dwarf;
				ENABLE_STRICT_OBJC_MSGSEND = YES;
				ENABLE_TESTABILITY = YES;
				ENABLE_USER_SCRIPT_SANDBOXING = YES;
				GCC_C_LANGUAGE_STANDARD = gnu17;
				GCC_DYNAMIC_NO_PIC = NO;
				GCC_NO_COMMON_BLOCKS = YES;
				GCC_OPTIMIZATION_LEVEL = 0;
				GCC_PREPROCESSOR_DEFINITIONS = (
					"DEBUG=1",
					"$(inherited)",
				);
				GCC_WARN_64_TO_32_BIT_CONVERSION = YES;
				GCC_WARN_ABOUT_RETURN_TYPE = YES_ERROR;
				GCC_WARN_UNDECLARED_SELECTOR = YES;
				GCC_WARN_UNINITIALIZED_AUTOS = YES_AGGRESSIVE;
				GCC_WARN_UNUSED_FUNCTION = YES;
				GCC_WARN_UNUSED_VARIABLE = YES;
				IPHONEOS_DEPLOYMENT_TARGET = 17.0;
				LOCALIZATION_PREFERS_STRING_CATALOGS = YES;
				MTL_ENABLE_DEBUG_INFO = INCLUDE_SOURCE;
				MTL_FAST_MATH = YES;
				ONLY_ACTIVE_ARCH = YES;
				SDKROOT = iphoneos;
				SWIFT_ACTIVE_COMPILATION_CONDITIONS = "DEBUG $(inherited)";
				SWIFT_OPTIMIZATION_LEVEL = "-Onone";
		};
			name = Debug;
		};
		900000000000000000000002 /* Release */ = {
			isa = XCBuildConfiguration;
			buildSettings = {
				ALWAYS_SEARCH_USER_PATHS = NO;
				ASSETCATALOG_COMPILER_GENERATE_SWIFT_ASSET_SYMBOL_EXTENSIONS = YES;
				CLANG_ANALYZER_NONNULL = YES;
				CLANG_ANALYZER_NUMBER_OBJECT_CONVERSION = YES_AGGRESSIVE;
				CLANG_CXX_LANGUAGE_STANDARD = "gnu++20";
				CLANG_ENABLE_MODULES = YES;
				CLANG_ENABLE_OBJC_ARC = YES;
				CLANG_ENABLE_OBJC_WEAK = YES;
				CLANG_WARN_BLOCK_CAPTURE_AUTORELEASING = YES;
				CLANG_WARN_BOOL_CONVERSION = YES;
				CLANG_WARN_COMMA = YES;
				CLANG_WARN_CONSTANT_CONVERSION = YES;
				CLANG_WARN_DEPRECATED_OBJC_IMPLEMENTATIONS = YES;
				CLANG_WARN_DIRECT_OBJC_ISA_USAGE = YES_ERROR;
				CLANG_WARN_DOCUMENTATION_COMMENTS = YES;
				CLANG_WARN_EMPTY_BODY = YES;
				CLANG_WARN_ENUM_CONVERSION = YES;
				CLANG_WARN_INFINITE_RECURSION = YES;
				CLANG_WARN_INT_CONVERSION = YES;
				CLANG_WARN_NON_LITERAL_NULL_CONVERSION = YES;
				CLANG_WARN_OBJC_IMPLICIT_RETAIN_SELF = YES;
				CLANG_WARN_OBJC_LITERAL_CONVERSION = YES;
				CLANG_WARN_OBJC_ROOT_CLASS = YES_ERROR;
				CLANG_WARN_QUOTED_INCLUDE_IN_FRAMEWORK_HEADER = YES;
				CLANG_WARN_RANGE_LOOP_ANALYSIS = YES;
				CLANG_WARN_STRICT_PROTOTYPES = YES;
				CLANG_WARN_SUSPICIOUS_MOVE = YES;
				CLANG_WARN_UNGUARDED_AVAILABILITY = YES_AGGRESSIVE;
				CLANG_WARN_UNREACHABLE_CODE = YES;
				CLANG_WARN__DUPLICATE_METHOD_MATCH = YES;
				COPY_PHASE_STRIP = NO;
				DEBUG_INFORMATION_FORMAT = "dwarf-with-dsym";
				ENABLE_NS_ASSERTIONS = NO;
				ENABLE_STRICT_OBJC_MSGSEND = YES;
				ENABLE_USER_SCRIPT_SANDBOXING = YES;
				GCC_C_LANGUAGE_STANDARD = gnu17;
				GCC_NO_COMMON_BLOCKS = YES;
				GCC_WARN_64_TO_32_BIT_CONVERSION = YES;
				GCC_WARN_ABOUT_RETURN_TYPE = YES_ERROR;
				GCC_WARN_UNDECLARED_SELECTOR = YES;
				GCC_WARN_UNINITIALIZED_AUTOS = YES_AGGRESSIVE;
				GCC_WARN_UNUSED_FUNCTION = YES;
				GCC_WARN_UNUSED_VARIABLE = YES;
				IPHONEOS_DEPLOYMENT_TARGET = 17.0;
				LOCALIZATION_PREFERS_STRING_CATALOGS = YES;
				MTL_ENABLE_DEBUG_INFO = NO;
				MTL_FAST_MATH = YES;
				SDKROOT = iphoneos;
				SWIFT_COMPILATION_MODE = wholemodule;
				VALIDATE_PRODUCT = YES;
		};
			name = Release;
		};
		900000000000000000000003 /* Debug */ = {
			isa = XCBuildConfiguration;
			buildSettings = {
				ASSETCATALOG_COMPILER_APPICON_NAME = AppIcon;
				CODE_SIGN_ENTITLEMENTS = PocketVector/PocketVector.entitlements;
				CODE_SIGN_STYLE = Automatic;
				CURRENT_PROJECT_VERSION = 1;
				ENABLE_PREVIEWS = YES;
				GENERATE_INFOPLIST_FILE = NO;
				INFOPLIST_FILE = PocketVector/Info.plist;
				IPHONEOS_DEPLOYMENT_TARGET = 17.0;
				LD_RUNPATH_SEARCH_PATHS = (
					"$(inherited)",
					"@executable_path/Frameworks",
				);
				MARKETING_VERSION = 1.0;
				PRODUCT_BUNDLE_IDENTIFIER = com.pocketvector.game;
				PRODUCT_NAME = "$(TARGET_NAME)";
				SUPPORTED_PLATFORMS = "iphoneos iphonesimulator";
				SUPPORTS_MACCATALYST = NO;
				SWIFT_EMIT_LOC_STRINGS = YES;
				SWIFT_VERSION = 6.0;
				TARGETED_DEVICE_FAMILY = "1,2";
			};
			name = Debug;
		};
		900000000000000000000004 /* Release */ = {
			isa = XCBuildConfiguration;
			buildSettings = {
				ASSETCATALOG_COMPILER_APPICON_NAME = AppIcon;
				CODE_SIGN_ENTITLEMENTS = PocketVector/PocketVector.entitlements;
				CODE_SIGN_STYLE = Automatic;
				CURRENT_PROJECT_VERSION = 1;
				ENABLE_PREVIEWS = YES;
				GENERATE_INFOPLIST_FILE = NO;
				INFOPLIST_FILE = PocketVector/Info.plist;
				IPHONEOS_DEPLOYMENT_TARGET = 17.0;
				LD_RUNPATH_SEARCH_PATHS = (
					"$(inherited)",
					"@executable_path/Frameworks",
				);
				MARKETING_VERSION = 1.0;
				PRODUCT_BUNDLE_IDENTIFIER = com.pocketvector.game;
				PRODUCT_NAME = "$(TARGET_NAME)";
				SUPPORTED_PLATFORMS = "iphoneos iphonesimulator";
				SUPPORTS_MACCATALYST = NO;
				SWIFT_EMIT_LOC_STRINGS = YES;
				SWIFT_VERSION = 6.0;
				TARGETED_DEVICE_FAMILY = "1,2";
			};
			name = Release;
		};
		900000000000000000000005 /* Debug */ = {
			isa = XCBuildConfiguration;
			buildSettings = {
				BUNDLE_LOADER = "$(TEST_HOST)";
				CODE_SIGN_STYLE = Automatic;
				CURRENT_PROJECT_VERSION = 1;
				GENERATE_INFOPLIST_FILE = YES;
				IPHONEOS_DEPLOYMENT_TARGET = 17.0;
				LD_RUNPATH_SEARCH_PATHS = (
					"$(inherited)",
					"@executable_path/Frameworks",
					"@loader_path/Frameworks",
				);
				MARKETING_VERSION = 1.0;
				PRODUCT_BUNDLE_IDENTIFIER = com.pocketvector.game.tests;
				PRODUCT_NAME = "$(TARGET_NAME)";
				SWIFT_EMIT_LOC_STRINGS = NO;
				SWIFT_VERSION = 6.0;
				TARGETED_DEVICE_FAMILY = "1,2";
				TEST_HOST = "$(BUILT_PRODUCTS_DIR)/PocketVector.app/$(BUNDLE_EXECUTABLE_FOLDER_PATH)/PocketVector";
		};
			name = Debug;
		};
		900000000000000000000006 /* Release */ = {
			isa = XCBuildConfiguration;
			buildSettings = {
				BUNDLE_LOADER = "$(TEST_HOST)";
				CODE_SIGN_STYLE = Automatic;
				CURRENT_PROJECT_VERSION = 1;
				GENERATE_INFOPLIST_FILE = YES;
				IPHONEOS_DEPLOYMENT_TARGET = 17.0;
				LD_RUNPATH_SEARCH_PATHS = (
					"$(inherited)",
					"@executable_path/Frameworks",
					"@loader_path/Frameworks",
				);
				MARKETING_VERSION = 1.0;
				PRODUCT_BUNDLE_IDENTIFIER = com.pocketvector.game.tests;
				PRODUCT_NAME = "$(TARGET_NAME)";
				SWIFT_EMIT_LOC_STRINGS = NO;
				SWIFT_VERSION = 6.0;
				TARGETED_DEVICE_FAMILY = "1,2";
				TEST_HOST = "$(BUILT_PRODUCTS_DIR)/PocketVector.app/$(BUNDLE_EXECUTABLE_FOLDER_PATH)/PocketVector";
			};
			name = Release;
		};
/* End XCBuildConfiguration section */

/* Begin XCConfigurationList section */
		800000000000000000000001 /* Build configuration list for PBXProject "PocketVector" */ = {
			isa = XCConfigurationList;
			buildConfigurations = (
				900000000000000000000001 /* Debug */,
				900000000000000000000002 /* Release */,
			);
			defaultConfigurationIsVisible = 0;
			defaultConfigurationName = Release;
		};
		800000000000000000000002 /* Build configuration list for PBXNativeTarget "PocketVector" */ = {
			isa = XCConfigurationList;
			buildConfigurations = (
				900000000000000000000003 /* Debug */,
				900000000000000000000004 /* Release */,
			);
			defaultConfigurationIsVisible = 0;
			defaultConfigurationName = Release;
		};
		800000000000000000000003 /* Build configuration list for PBXNativeTarget "PocketVectorTests" */ = {
			isa = XCConfigurationList;
			buildConfigurations = (
				900000000000000000000005 /* Debug */,
				900000000000000000000006 /* Release */,
			);
			defaultConfigurationIsVisible = 0;
			defaultConfigurationName = Release;
		};
/* End XCConfigurationList section */
	};
	rootObject = 700000000000000000000001 /* Project object */;
}
